
Microsoft Visual Studio Solution File, Format Version 12.00
Project("{FAE04EC0-301F-11D3-BF4B-00C04F79EFBC}") = "NexusGit", "NexusGit\NexusGit.csproj", "{5C7954DA-9BAE-4146-A6B4-C1634574D1D6}"
EndProject
Project("{FAE04EC0-301F-11D3-BF4B-00C04F79EFBC}") = "NexusGitTests", "NexusGitTests\NexusGitTests.csproj", "{3337A095-A57D-44CE-9B38-4829B2052F0C}"
EndProject
Global
	GlobalSection(SolutionConfigurationPlatforms) = preSolution
		Debug|Any CPU = Debug|Any CPU
		Release|Any CPU = Release|Any CPU
	EndGlobalSection
	GlobalSection(ProjectConfigurationPlatforms) = postSolution
		{5C7954DA-9BAE-4146-A6B4-C1634574D1D6}.Debug|Any CPU.ActiveCfg = Debug|Any CPU
		{5C7954DA-9BAE-4146-A6B4-C1634574D1D6}.Debug|Any CPU.Build.0 = Debug|Any CPU
		{5C7954DA-9BAE-4146-A6B4-C1634574D1D6}.Release|Any CPU.ActiveCfg = Release|Any CPU
		{5C7954DA-9BAE-4146-A6B4-C1634574D1D6}.Release|Any CPU.Build.0 = Release|Any CPU
		{3337A095-A57D-44CE-9B38-4829B2052F0C}.Debug|Any CPU.ActiveCfg = Debug|Any CPU
		{3337A095-A57D-44CE-9B38-4829B2052F0C}.Debug|Any CPU.Build.0 = Debug|Any CPU
		{3337A095-A57D-44CE-9B38-4829B2052F0C}.Release|Any CPU.ActiveCfg = Release|Any CPU
		{3337A095-A57D-44CE-9B38-4829B2052F0C}.Release|Any CPU.Build.0 = Release|Any CPU
	EndGlobalSection
EndGlobal
